
Microsoft Visual Studio Solution File, Format Version 12.00
Project("{FAE04EC0-301F-11D3-BF4B-00C04F79EFBC}") = "Zadanie9", "Zadanie9\Zadanie9.csproj", "{436E4045-4002-4456-B48D-A0E9B2F7A70A}"
EndProject
Global
	GlobalSection(SolutionConfigurationPlatforms) = preSolution
		Debug|Any CPU = Debug|Any CPU
		Release|Any CPU = Release|Any CPU
	EndGlobalSection
	GlobalSection(ProjectConfigurationPlatforms) = postSolution
		{436E4045-4002-4456-B48D-A0E9B2F7A70A}.Debug|Any CPU.ActiveCfg = Debug|Any CPU
		{436E4045-4002-4456-B48D-A0E9B2F7A70A}.Debug|Any CPU.Build.0 = Debug|Any CPU
		{436E4045-4002-4456-B48D-A0E9B2F7A70A}.Release|Any CPU.ActiveCfg = Release|Any CPU
		{436E4045-4002-4456-B48D-A0E9B2F7A70A}.Release|Any CPU.Build.0 = Release|Any CPU
	EndGlobalSection
EndGlobal
